
Microsoft Visual Studio Solution File, Format Version 12.00
# Visual Studio Version 17
VisualStudioVersion = 17.3.32519.111
MinimumVisualStudioVersion = 10.0.40219.1
Project("{2150E333-8FDC-42A3-9474-1A3956D46DE8}") = "BOnlineStore.IdentityServer", "BOnlineStore.IdentityServer", "{3947D0DE-9201-4776-AB70-77E38CF1DF8D}"
EndProject
Project("{9A19103F-16F7-4668-BE54-9A1E7A4F7556}") = "BOnlineStore.IdentityServer", "BOnlineStore.IdentityServer\BOnlineStore.IdentityServer.csproj", "{CA1DB1B9-B241-47BF-AADB-D57522BC99D2}"
EndProject
Project("{2150E333-8FDC-42A3-9474-1A3956D46DE8}") = "BOnlineStore.Services", "BOnlineStore.Services", "{49D3AC90-63E2-45A5-ADB3-74652029FED4}"
EndProject
Project("{2150E333-8FDC-42A3-9474-1A3956D46DE8}") = "Definitions", "Definitions", "{91FD46FF-BF8E-4781-A5DE-74FB510FE5EC}"
EndProject
Project("{9A19103F-16F7-4668-BE54-9A1E7A4F7556}") = "BOnlineStore.Services.Definitions.Api", "BOnlineStore.Services\Definitions\BOnlineStore.Services.Definitions.Api\BOnlineStore.Services.Definitions.Api.csproj", "{B6420ACC-B981-4F96-8CAB-C240D6274B76}"
EndProject
Project("{2150E333-8FDC-42A3-9474-1A3956D46DE8}") = "Shared", "Shared", "{C56E1D43-2CBB-414F-8C83-2C55744DBB51}"
EndProject
Project("{9A19103F-16F7-4668-BE54-9A1E7A4F7556}") = "BOnlineStore.Shared", "Shared\BOnlineStore.Shared\BOnlineStore.Shared.csproj", "{82E87B30-2766-4806-886F-66626088D292}"
EndProject
Project("{9A19103F-16F7-4668-BE54-9A1E7A4F7556}") = "BOnlineStore.MongoDb.GenericRepository", "Shared\BOnlineStore.MongoDb.GenericRepository\BOnlineStore.MongoDb.GenericRepository.csproj", "{DD7E6D7C-C8EE-4521-8639-02691771AEC7}"
EndProject
Project("{9A19103F-16F7-4668-BE54-9A1E7A4F7556}") = "BOnlineStore.Generic.Service", "Shared\BOnlineStore.Generic.Service\BOnlineStore.Generic.Service.csproj", "{50D1EA10-403E-4DE0-A2A5-D27F649F5A15}"
EndProject
Project("{9A19103F-16F7-4668-BE54-9A1E7A4F7556}") = "BOnlineStore.Localization", "Shared\BOnlineStore.Localization\BOnlineStore.Localization.csproj", "{0C0DBDDC-9AFD-470F-A18B-F69978712CB4}"
EndProject
Project("{2150E333-8FDC-42A3-9474-1A3956D46DE8}") = "BOnlineStore.UI", "BOnlineStore.UI", "{DE0B668D-CECF-4850-A104-5D39405B367F}"
EndProject
Project("{9A19103F-16F7-4668-BE54-9A1E7A4F7556}") = "BOnlineStore.UI", "BOnlineStore.UI\BOnlineStore.UI.csproj", "{9A19D945-58CF-4D40-9636-6A764A2EB826}"
EndProject
Project("{2150E333-8FDC-42A3-9474-1A3956D46DE8}") = "Production", "Production", "{1AAB22B5-41C9-4265-A2B8-2E1AECE4DE95}"
EndProject
Project("{9A19103F-16F7-4668-BE54-9A1E7A4F7556}") = "BOnlineStore.Services.Production.Api", "BOnlineStore.Services\Production\BOnlineStore.Services.Production.Api\BOnlineStore.Services.Production.Api.csproj", "{527BFBEB-3BE2-42A0-A822-57EE4DD68FDD}"
EndProject
Project("{2150E333-8FDC-42A3-9474-1A3956D46DE8}") = "Order", "Order", "{F9863884-AC06-4219-8A64-B2C9A4957BA8}"
EndProject
Project("{9A19103F-16F7-4668-BE54-9A1E7A4F7556}") = "BOnlineStore.Services.Order.Api", "BOnlineStore.Services\Order\BOnlineStore.Services.Order.Api\BOnlineStore.Services.Order.Api.csproj", "{774F2542-DB21-4920-9594-FE8F4DD4370E}"
EndProject
Project("{E53339B2-1760-4266-BCC7-CA923CBCF16C}") = "docker-compose", "docker-compose.dcproj", "{48B88299-85B2-4DDB-B78A-32A7A60536C2}"
EndProject
Project("{2150E333-8FDC-42A3-9474-1A3956D46DE8}") = "BOnlineStore.Gateway", "BOnlineStore.Gateway", "{C82BF66C-D7A3-460F-9C21-847B0A3345A0}"
EndProject
Project("{9A19103F-16F7-4668-BE54-9A1E7A4F7556}") = "BOnlineStore.Gateway", "BOnlineStore.Gateway\BOnlineStore.Gateway.csproj", "{CCAB24B9-6E98-4E08-BDAE-1A55D2EAEB3A}"
EndProject
Project("{2150E333-8FDC-42A3-9474-1A3956D46DE8}") = "Certificates", "Certificates", "{1CB0742F-CFD8-4FF1-B4D4-1D10D1F31766}"
	ProjectSection(SolutionItems) = preProject
		Shared\Certificates\bonlinestore.crt = Shared\Certificates\bonlinestore.crt
		Shared\Certificates\bonlinestore.key = Shared\Certificates\bonlinestore.key
		Shared\Certificates\bonlinestore.pfx = Shared\Certificates\bonlinestore.pfx
	EndProjectSection
EndProject
Project("{2150E333-8FDC-42A3-9474-1A3956D46DE8}") = "Kubernetes", "Kubernetes", "{749EF661-EB48-4264-8785-5637B9A62C78}"
	ProjectSection(SolutionItems) = preProject
		Kubernetes\admin-user.yaml = Kubernetes\admin-user.yaml
		Kubernetes\cluster-role-binding.yaml = Kubernetes\cluster-role-binding.yaml
	EndProjectSection
EndProject
Project("{2150E333-8FDC-42A3-9474-1A3956D46DE8}") = "Definitions", "Definitions", "{78844FEE-8643-48F0-ABFF-FDAC56678305}"
	ProjectSection(SolutionItems) = preProject
		Kubernetes\definitions\config-map.yaml = Kubernetes\definitions\config-map.yaml
		Kubernetes\definitions\deployment.yaml = Kubernetes\definitions\deployment.yaml
	EndProjectSection
EndProject
Project("{2150E333-8FDC-42A3-9474-1A3956D46DE8}") = "Gateway", "Gateway", "{5D700115-EBF5-4536-AE86-CC44475B0D03}"
	ProjectSection(SolutionItems) = preProject
		Kubernetes\gateway\config-map.yaml = Kubernetes\gateway\config-map.yaml
		Kubernetes\gateway\deployment.yaml = Kubernetes\gateway\deployment.yaml
	EndProjectSection
EndProject
Project("{2150E333-8FDC-42A3-9474-1A3956D46DE8}") = "Identity", "Identity", "{905E2EF9-95EA-4024-A7DB-F4595665EB01}"
	ProjectSection(SolutionItems) = preProject
		Kubernetes\identity\config-map.yaml = Kubernetes\identity\config-map.yaml
		Kubernetes\identity\deployment.yaml = Kubernetes\identity\deployment.yaml
		Kubernetes\identity\secret.yaml = Kubernetes\identity\secret.yaml
	EndProjectSection
EndProject
Project("{2150E333-8FDC-42A3-9474-1A3956D46DE8}") = "IdentityDb", "IdentityDb", "{AA1D4D11-3F6D-4069-829B-CBA8FE2ECCA2}"
	ProjectSection(SolutionItems) = preProject
		Kubernetes\identitydb\config-map.yaml = Kubernetes\identitydb\config-map.yaml
		Kubernetes\identitydb\deployment.yaml = Kubernetes\identitydb\deployment.yaml
		Kubernetes\identitydb\pvc.yaml = Kubernetes\identitydb\pvc.yaml
		Kubernetes\identitydb\secret.yaml = Kubernetes\identitydb\secret.yaml
		Kubernetes\identitydb\storage.yaml = Kubernetes\identitydb\storage.yaml
	EndProjectSection
EndProject
Project("{2150E333-8FDC-42A3-9474-1A3956D46DE8}") = "MongoDb", "MongoDb", "{D4125129-6F0D-4109-BE1F-C6F6A6C8D43C}"
	ProjectSection(SolutionItems) = preProject
		Kubernetes\mongodb\deployment.yaml = Kubernetes\mongodb\deployment.yaml
		Kubernetes\mongodb\pvc.yaml = Kubernetes\mongodb\pvc.yaml
		Kubernetes\mongodb\secret.yaml = Kubernetes\mongodb\secret.yaml
		Kubernetes\mongodb\storage.yaml = Kubernetes\mongodb\storage.yaml
	EndProjectSection
EndProject
Project("{2150E333-8FDC-42A3-9474-1A3956D46DE8}") = "Production", "Production", "{DC723908-E53C-4AB3-94AA-454FFD6B6429}"
	ProjectSection(SolutionItems) = preProject
		Kubernetes\production\config-map.yaml = Kubernetes\production\config-map.yaml
		Kubernetes\production\deployment.yaml = Kubernetes\production\deployment.yaml
	EndProjectSection
EndProject
Project("{2150E333-8FDC-42A3-9474-1A3956D46DE8}") = "Routing-Ingress", "Routing-Ingress", "{473C067D-4F36-45C7-BC51-53D01F0A2BC0}"
	ProjectSection(SolutionItems) = preProject
		Kubernetes\routing-ingress\bonlinestore.crt = Kubernetes\routing-ingress\bonlinestore.crt
		Kubernetes\routing-ingress\bonlinestore.key = Kubernetes\routing-ingress\bonlinestore.key
		Kubernetes\routing-ingress\bonlinetore-decrypted.key = Kubernetes\routing-ingress\bonlinetore-decrypted.key
		Kubernetes\routing-ingress\ingress-controller-deploy.yaml = Kubernetes\routing-ingress\ingress-controller-deploy.yaml
		Kubernetes\routing-ingress\routing-secret.yaml = Kubernetes\routing-ingress\routing-secret.yaml
		Kubernetes\routing-ingress\routing.yaml = Kubernetes\routing-ingress\routing.yaml
	EndProjectSection
EndProject
Project("{2150E333-8FDC-42A3-9474-1A3956D46DE8}") = "Seq", "Seq", "{E2CC7CA3-2E6E-470D-9E21-E852462184FD}"
	ProjectSection(SolutionItems) = preProject
		Kubernetes\seq\config-map.yaml = Kubernetes\seq\config-map.yaml
		Kubernetes\seq\deployment.yaml = Kubernetes\seq\deployment.yaml
		Kubernetes\seq\pvc.yaml = Kubernetes\seq\pvc.yaml
		Kubernetes\seq\storage.yaml = Kubernetes\seq\storage.yaml
	EndProjectSection
EndProject
Project("{2150E333-8FDC-42A3-9474-1A3956D46DE8}") = "UI", "UI", "{4964C439-379C-4411-A0D4-32FA1774FAC9}"
	ProjectSection(SolutionItems) = preProject
		Kubernetes\ui\config-map.yaml = Kubernetes\ui\config-map.yaml
		Kubernetes\ui\deployment.yaml = Kubernetes\ui\deployment.yaml
	EndProjectSection
EndProject
Project("{2150E333-8FDC-42A3-9474-1A3956D46DE8}") = "Misc", "Misc", "{EFE41373-F21F-490D-A15D-9D4C860E350F}"
EndProject
Project("{2150E333-8FDC-42A3-9474-1A3956D46DE8}") = "Templates", "Templates", "{8579F60D-7110-400C-9BC5-CAE6D434BD89}"
EndProject
Project("{2150E333-8FDC-42A3-9474-1A3956D46DE8}") = "Icons", "Icons", "{B5D8814B-E685-48D6-95EE-93A01284F058}"
	ProjectSection(SolutionItems) = preProject
		Misc\Templates\Icons\dto.png = Misc\Templates\Icons\dto.png
		Misc\Templates\Icons\Entity.png = Misc\Templates\Icons\Entity.png
		Misc\Templates\Icons\Repository.png = Misc\Templates\Icons\Repository.png
		Misc\Templates\Icons\Service.png = Misc\Templates\Icons\Service.png
		Misc\Templates\Icons\Validator.png = Misc\Templates\Icons\Validator.png
	EndProjectSection
EndProject
Project("{2150E333-8FDC-42A3-9474-1A3956D46DE8}") = "Sources", "Sources", "{6094E44F-868E-4E68-AE31-78E567337C64}"
	ProjectSection(SolutionItems) = preProject
		Misc\Templates\Sources\BOnlineStore BackEnd Items.zip = Misc\Templates\Sources\BOnlineStore BackEnd Items.zip
		Misc\Templates\Sources\BOnlineStore Controller Item.zip = Misc\Templates\Sources\BOnlineStore Controller Item.zip
		Misc\Templates\Sources\BOnlineStore Dto Items.zip = Misc\Templates\Sources\BOnlineStore Dto Items.zip
		Misc\Templates\Sources\BOnlineStore Entity Item.zip = Misc\Templates\Sources\BOnlineStore Entity Item.zip
		Misc\Templates\Sources\BOnlineStore Mapping Items.zip = Misc\Templates\Sources\BOnlineStore Mapping Items.zip
		Misc\Templates\Sources\BOnlineStore Repository Items.zip = Misc\Templates\Sources\BOnlineStore Repository Items.zip
		Misc\Templates\Sources\BOnlineStore Service Items.zip = Misc\Templates\Sources\BOnlineStore Service Items.zip
		Misc\Templates\Sources\BOnlineStore Validator Item.zip = Misc\Templates\Sources\BOnlineStore Validator Item.zip
		Misc\Templates\Sources\BOnlineStore.Services.Template.Api.zip = Misc\Templates\Sources\BOnlineStore.Services.Template.Api.zip
	EndProjectSection
EndProject
Project("{2150E333-8FDC-42A3-9474-1A3956D46DE8}") = "BFF", "BFF", "{FF4C7310-1ABF-4C1E-810B-416EFB3E38C7}"
EndProject
Project("{9A19103F-16F7-4668-BE54-9A1E7A4F7556}") = "BOnlineStore.BFF.Api", "BOnlineStore.Services\BFF\BOnlineStore.BFF\BOnlineStore.BFF.Api.csproj", "{E61D3FF9-F156-4DB8-8BE0-3DF56BC16214}"
EndProject
Global
	GlobalSection(SolutionConfigurationPlatforms) = preSolution
		Debug|Any CPU = Debug|Any CPU
		Release|Any CPU = Release|Any CPU
	EndGlobalSection
	GlobalSection(ProjectConfigurationPlatforms) = postSolution
		{CA1DB1B9-B241-47BF-AADB-D57522BC99D2}.Debug|Any CPU.ActiveCfg = Debug|Any CPU
		{CA1DB1B9-B241-47BF-AADB-D57522BC99D2}.Debug|Any CPU.Build.0 = Debug|Any CPU
		{CA1DB1B9-B241-47BF-AADB-D57522BC99D2}.Release|Any CPU.ActiveCfg = Release|Any CPU
		{CA1DB1B9-B241-47BF-AADB-D57522BC99D2}.Release|Any CPU.Build.0 = Release|Any CPU
		{B6420ACC-B981-4F96-8CAB-C240D6274B76}.Debug|Any CPU.ActiveCfg = Debug|Any CPU
		{B6420ACC-B981-4F96-8CAB-C240D6274B76}.Debug|Any CPU.Build.0 = Debug|Any CPU
		{B6420ACC-B981-4F96-8CAB-C240D6274B76}.Release|Any CPU.ActiveCfg = Release|Any CPU
		{B6420ACC-B981-4F96-8CAB-C240D6274B76}.Release|Any CPU.Build.0 = Release|Any CPU
		{82E87B30-2766-4806-886F-66626088D292}.Debug|Any CPU.ActiveCfg = Debug|Any CPU
		{82E87B30-2766-4806-886F-66626088D292}.Debug|Any CPU.Build.0 = Debug|Any CPU
		{82E87B30-2766-4806-886F-66626088D292}.Release|Any CPU.ActiveCfg = Release|Any CPU
		{82E87B30-2766-4806-886F-66626088D292}.Release|Any CPU.Build.0 = Release|Any CPU
		{DD7E6D7C-C8EE-4521-8639-02691771AEC7}.Debug|Any CPU.ActiveCfg = Debug|Any CPU
		{DD7E6D7C-C8EE-4521-8639-02691771AEC7}.Debug|Any CPU.Build.0 = Debug|Any CPU
		{DD7E6D7C-C8EE-4521-8639-02691771AEC7}.Release|Any CPU.ActiveCfg = Release|Any CPU
		{DD7E6D7C-C8EE-4521-8639-02691771AEC7}.Release|Any CPU.Build.0 = Release|Any CPU
		{50D1EA10-403E-4DE0-A2A5-D27F649F5A15}.Debug|Any CPU.ActiveCfg = Debug|Any CPU
		{50D1EA10-403E-4DE0-A2A5-D27F649F5A15}.Debug|Any CPU.Build.0 = Debug|Any CPU
		{50D1EA10-403E-4DE0-A2A5-D27F649F5A15}.Release|Any CPU.ActiveCfg = Release|Any CPU
		{50D1EA10-403E-4DE0-A2A5-D27F649F5A15}.Release|Any CPU.Build.0 = Release|Any CPU
		{0C0DBDDC-9AFD-470F-A18B-F69978712CB4}.Debug|Any CPU.ActiveCfg = Debug|Any CPU
		{0C0DBDDC-9AFD-470F-A18B-F69978712CB4}.Debug|Any CPU.Build.0 = Debug|Any CPU
		{0C0DBDDC-9AFD-470F-A18B-F69978712CB4}.Release|Any CPU.ActiveCfg = Release|Any CPU
		{0C0DBDDC-9AFD-470F-A18B-F69978712CB4}.Release|Any CPU.Build.0 = Release|Any CPU
		{9A19D945-58CF-4D40-9636-6A764A2EB826}.Debug|Any CPU.ActiveCfg = Debug|Any CPU
		{9A19D945-58CF-4D40-9636-6A764A2EB826}.Debug|Any CPU.Build.0 = Debug|Any CPU
		{9A19D945-58CF-4D40-9636-6A764A2EB826}.Release|Any CPU.ActiveCfg = Release|Any CPU
		{9A19D945-58CF-4D40-9636-6A764A2EB826}.Release|Any CPU.Build.0 = Release|Any CPU
		{527BFBEB-3BE2-42A0-A822-57EE4DD68FDD}.Debug|Any CPU.ActiveCfg = Debug|Any CPU
		{527BFBEB-3BE2-42A0-A822-57EE4DD68FDD}.Debug|Any CPU.Build.0 = Debug|Any CPU
		{527BFBEB-3BE2-42A0-A822-57EE4DD68FDD}.Release|Any CPU.ActiveCfg = Release|Any CPU
		{527BFBEB-3BE2-42A0-A822-57EE4DD68FDD}.Release|Any CPU.Build.0 = Release|Any CPU
		{774F2542-DB21-4920-9594-FE8F4DD4370E}.Debug|Any CPU.ActiveCfg = Debug|Any CPU
		{774F2542-DB21-4920-9594-FE8F4DD4370E}.Debug|Any CPU.Build.0 = Debug|Any CPU
		{774F2542-DB21-4920-9594-FE8F4DD4370E}.Release|Any CPU.ActiveCfg = Release|Any CPU
		{774F2542-DB21-4920-9594-FE8F4DD4370E}.Release|Any CPU.Build.0 = Release|Any CPU
		{48B88299-85B2-4DDB-B78A-32A7A60536C2}.Debug|Any CPU.ActiveCfg = Debug|Any CPU
		{48B88299-85B2-4DDB-B78A-32A7A60536C2}.Debug|Any CPU.Build.0 = Debug|Any CPU
		{48B88299-85B2-4DDB-B78A-32A7A60536C2}.Release|Any CPU.ActiveCfg = Release|Any CPU
		{48B88299-85B2-4DDB-B78A-32A7A60536C2}.Release|Any CPU.Build.0 = Release|Any CPU
		{CCAB24B9-6E98-4E08-BDAE-1A55D2EAEB3A}.Debug|Any CPU.ActiveCfg = Debug|Any CPU
		{CCAB24B9-6E98-4E08-BDAE-1A55D2EAEB3A}.Debug|Any CPU.Build.0 = Debug|Any CPU
		{CCAB24B9-6E98-4E08-BDAE-1A55D2EAEB3A}.Release|Any CPU.ActiveCfg = Release|Any CPU
		{CCAB24B9-6E98-4E08-BDAE-1A55D2EAEB3A}.Release|Any CPU.Build.0 = Release|Any CPU
		{E61D3FF9-F156-4DB8-8BE0-3DF56BC16214}.Debug|Any CPU.ActiveCfg = Debug|Any CPU
		{E61D3FF9-F156-4DB8-8BE0-3DF56BC16214}.Debug|Any CPU.Build.0 = Debug|Any CPU
		{E61D3FF9-F156-4DB8-8BE0-3DF56BC16214}.Release|Any CPU.ActiveCfg = Release|Any CPU
		{E61D3FF9-F156-4DB8-8BE0-3DF56BC16214}.Release|Any CPU.Build.0 = Release|Any CPU
	EndGlobalSection
	GlobalSection(SolutionProperties) = preSolution
		HideSolutionNode = FALSE
	EndGlobalSection
	GlobalSection(NestedProjects) = preSolution
		{CA1DB1B9-B241-47BF-AADB-D57522BC99D2} = {3947D0DE-9201-4776-AB70-77E38CF1DF8D}
		{91FD46FF-BF8E-4781-A5DE-74FB510FE5EC} = {49D3AC90-63E2-45A5-ADB3-74652029FED4}
		{B6420ACC-B981-4F96-8CAB-C240D6274B76} = {91FD46FF-BF8E-4781-A5DE-74FB510FE5EC}
		{82E87B30-2766-4806-886F-66626088D292} = {C56E1D43-2CBB-414F-8C83-2C55744DBB51}
		{DD7E6D7C-C8EE-4521-8639-02691771AEC7} = {C56E1D43-2CBB-414F-8C83-2C55744DBB51}
		{50D1EA10-403E-4DE0-A2A5-D27F649F5A15} = {C56E1D43-2CBB-414F-8C83-2C55744DBB51}
		{0C0DBDDC-9AFD-470F-A18B-F69978712CB4} = {C56E1D43-2CBB-414F-8C83-2C55744DBB51}
		{9A19D945-58CF-4D40-9636-6A764A2EB826} = {DE0B668D-CECF-4850-A104-5D39405B367F}
		{1AAB22B5-41C9-4265-A2B8-2E1AECE4DE95} = {49D3AC90-63E2-45A5-ADB3-74652029FED4}
		{527BFBEB-3BE2-42A0-A822-57EE4DD68FDD} = {1AAB22B5-41C9-4265-A2B8-2E1AECE4DE95}
		{F9863884-AC06-4219-8A64-B2C9A4957BA8} = {49D3AC90-63E2-45A5-ADB3-74652029FED4}
		{774F2542-DB21-4920-9594-FE8F4DD4370E} = {F9863884-AC06-4219-8A64-B2C9A4957BA8}
		{CCAB24B9-6E98-4E08-BDAE-1A55D2EAEB3A} = {C82BF66C-D7A3-460F-9C21-847B0A3345A0}
		{1CB0742F-CFD8-4FF1-B4D4-1D10D1F31766} = {C56E1D43-2CBB-414F-8C83-2C55744DBB51}
		{78844FEE-8643-48F0-ABFF-FDAC56678305} = {749EF661-EB48-4264-8785-5637B9A62C78}
		{5D700115-EBF5-4536-AE86-CC44475B0D03} = {749EF661-EB48-4264-8785-5637B9A62C78}
		{905E2EF9-95EA-4024-A7DB-F4595665EB01} = {749EF661-EB48-4264-8785-5637B9A62C78}
		{AA1D4D11-3F6D-4069-829B-CBA8FE2ECCA2} = {749EF661-EB48-4264-8785-5637B9A62C78}
		{D4125129-6F0D-4109-BE1F-C6F6A6C8D43C} = {749EF661-EB48-4264-8785-5637B9A62C78}
		{DC723908-E53C-4AB3-94AA-454FFD6B6429} = {749EF661-EB48-4264-8785-5637B9A62C78}
		{473C067D-4F36-45C7-BC51-53D01F0A2BC0} = {749EF661-EB48-4264-8785-5637B9A62C78}
		{E2CC7CA3-2E6E-470D-9E21-E852462184FD} = {749EF661-EB48-4264-8785-5637B9A62C78}
		{4964C439-379C-4411-A0D4-32FA1774FAC9} = {749EF661-EB48-4264-8785-5637B9A62C78}
		{8579F60D-7110-400C-9BC5-CAE6D434BD89} = {EFE41373-F21F-490D-A15D-9D4C860E350F}
		{B5D8814B-E685-48D6-95EE-93A01284F058} = {8579F60D-7110-400C-9BC5-CAE6D434BD89}
		{6094E44F-868E-4E68-AE31-78E567337C64} = {8579F60D-7110-400C-9BC5-CAE6D434BD89}
		{FF4C7310-1ABF-4C1E-810B-416EFB3E38C7} = {49D3AC90-63E2-45A5-ADB3-74652029FED4}
		{E61D3FF9-F156-4DB8-8BE0-3DF56BC16214} = {FF4C7310-1ABF-4C1E-810B-416EFB3E38C7}
	EndGlobalSection
	GlobalSection(ExtensibilityGlobals) = postSolution
		SolutionGuid = {A12FA703-13AF-486D-90AA-45AC95F5C81E}
	EndGlobalSection
EndGlobal
